{
  "name": "my-furnish",
  "version": "1.0.0",
  "lockfileVersion": 3,
  "requires": true,
  "packages": {
    "": {
      "name": "my-furnish",
      "version": "1.0.0",
      "license": "ISC",
      "dependencies": {
        "epxress": "^0.0.1-security"
      }
    },
    "node_modules/epxress": {
      "version": "0.0.1-security",
      "resolved": "https://registry.npmjs.org/epxress/-/epxress-0.0.1-security.tgz",
      "integrity": "sha512-3Uxqdqt9xUpPvEGJjhyNGbTtjeYRsSCy74gsYxMqeIUQnRk/6/YFgvjfQtdPeFgRXEnJ8zI6gaskfFLOOG/ELg=="
    }
  }
}
